
Microsoft Visual Studio Solution File, Format Version 12.00
# Visual Studio 15
VisualStudioVersion = 15.0.28307.421
MinimumVisualStudioVersion = 10.0.40219.1
Project("{FAE04EC0-301F-11D3-BF4B-00C04F79EFBC}") = "binarysearch-benchmarks", "binarysearch-benchmarks\binarysearch-benchmarks.csproj", "{C3B252D4-9F4F-49E9-A225-26D504840CB5}"
EndProject
Global
	GlobalSection(SolutionConfigurationPlatforms) = preSolution
		Debug|Any CPU = Debug|Any CPU
		Release|Any CPU = Release|Any CPU
	EndGlobalSection
	GlobalSection(ProjectConfigurationPlatforms) = postSolution
		{C3B252D4-9F4F-49E9-A225-26D504840CB5}.Debug|Any CPU.ActiveCfg = Debug|Any CPU
		{C3B252D4-9F4F-49E9-A225-26D504840CB5}.Debug|Any CPU.Build.0 = Debug|Any CPU
		{C3B252D4-9F4F-49E9-A225-26D504840CB5}.Release|Any CPU.ActiveCfg = Release|Any CPU
		{C3B252D4-9F4F-49E9-A225-26D504840CB5}.Release|Any CPU.Build.0 = Release|Any CPU
	EndGlobalSection
	GlobalSection(SolutionProperties) = preSolution
		HideSolutionNode = FALSE
	EndGlobalSection
	GlobalSection(ExtensibilityGlobals) = postSolution
		SolutionGuid = {0AB51D5A-D5EB-414D-A2D6-A2C595618D04}
	EndGlobalSection
EndGlobal
